# This file is automatically @generated by Cargo.
# It is not intended for manual editing.
version = 4

[[package]]
name = "anyhow"
version = "1.0.99"
source = "registry+https://github.com/rust-lang/crates.io-index"
checksum = "b0674a1ddeecb70197781e945de4b3b8ffb61fa939a5597bcf48503737663100"

[[package]]
name = "dst-factory"
version = "0.2.3"
source = "git+ssh://git@github.com/evie-calico/dst-factory#928491ddc9d95404e7d30ee55f7e383dca4f83ab"
dependencies = [
 "proc-macro2",
 "quote",
 "syn",
]

[[package]]
name = "espy"
version = "0.1.0"
source = "git+ssh://git@github.com/evie-calico/espy#2e77554b22638a8a132bbcd693b7266a6667fc53"
dependencies = [
 "espy-ears",
 "espy-eyes",
 "espy-paws",
 "espy-tail",
]

[[package]]
name = "espy-ears"
version = "0.1.0"
source = "git+ssh://git@github.com/evie-calico/espy#2e77554b22638a8a132bbcd693b7266a6667fc53"
dependencies = [
 "dst-factory",
 "espy-eyes",
]

[[package]]
name = "espy-eyes"
version = "0.1.0"
source = "git+ssh://git@github.com/evie-calico/espy#2e77554b22638a8a132bbcd693b7266a6667fc53"

[[package]]
name = "espy-heart"
version = "0.1.0"
source = "git+ssh://git@github.com/evie-calico/espy#2e77554b22638a8a132bbcd693b7266a6667fc53"

[[package]]
name = "espy-paws"
version = "0.1.0"
source = "git+ssh://git@github.com/evie-calico/espy#2e77554b22638a8a132bbcd693b7266a6667fc53"
dependencies = [
 "espy-heart",
]

[[package]]
name = "espy-tail"
version = "0.1.0"
source = "git+ssh://git@github.com/evie-calico/espy#2e77554b22638a8a132bbcd693b7266a6667fc53"
dependencies = [
 "espy-ears",
 "espy-eyes",
 "espy-heart",
]

[[package]]
name = "espystandard"
version = "0.1.0"
source = "git+ssh://git@github.com/evie-calico/espy#2e77554b22638a8a132bbcd693b7266a6667fc53"
dependencies = [
 "espy-paws",
]

[[package]]
name = "proc-macro2"
version = "1.0.101"
source = "registry+https://github.com/rust-lang/crates.io-index"
checksum = "89ae43fd86e4158d6db51ad8e2b80f313af9cc74f5c0e03ccb87de09998732de"
dependencies = [
 "unicode-ident",
]

[[package]]
name = "psybeam"
version = "0.1.0"
dependencies = [
 "anyhow",
 "espy",
 "espystandard",
]

[[package]]
name = "quote"
version = "1.0.40"
source = "registry+https://github.com/rust-lang/crates.io-index"
checksum = "1885c039570dc00dcb4ff087a89e185fd56bae234ddc7f056a945bf36467248d"
dependencies = [
 "proc-macro2",
]

[[package]]
name = "syn"
version = "2.0.106"
source = "registry+https://github.com/rust-lang/crates.io-index"
checksum = "ede7c438028d4436d71104916910f5bb611972c5cfd7f89b8300a8186e6fada6"
dependencies = [
 "proc-macro2",
 "quote",
 "unicode-ident",
]

[[package]]
name = "unicode-ident"
version = "1.0.19"
source = "registry+https://github.com/rust-lang/crates.io-index"
checksum = "f63a545481291138910575129486daeaf8ac54aee4387fe7906919f7830c7d9d"
